
Microsoft Visual Studio Solution File, Format Version 12.00
# Visual Studio Version 16
VisualStudioVersion = 16.0.30611.23
MinimumVisualStudioVersion = 10.0.40219.1
Project("{FAE04EC0-301F-11D3-BF4B-00C04F79EFBC}") = "HashTableProblem", "HashTableProblem\HashTableProblem.csproj", "{BF218134-3895-4547-8105-EE6C0A9A894A}"
EndProject
Global
	GlobalSection(SolutionConfigurationPlatforms) = preSolution
		Debug|Any CPU = Debug|Any CPU
		Release|Any CPU = Release|Any CPU
	EndGlobalSection
	GlobalSection(ProjectConfigurationPlatforms) = postSolution
		{BF218134-3895-4547-8105-EE6C0A9A894A}.Debug|Any CPU.ActiveCfg = Debug|Any CPU
		{BF218134-3895-4547-8105-EE6C0A9A894A}.Debug|Any CPU.Build.0 = Debug|Any CPU
		{BF218134-3895-4547-8105-EE6C0A9A894A}.Release|Any CPU.ActiveCfg = Release|Any CPU
		{BF218134-3895-4547-8105-EE6C0A9A894A}.Release|Any CPU.Build.0 = Release|Any CPU
	EndGlobalSection
	GlobalSection(SolutionProperties) = preSolution
		HideSolutionNode = FALSE
	EndGlobalSection
	GlobalSection(ExtensibilityGlobals) = postSolution
		SolutionGuid = {625D9760-EDAD-47BF-9869-C714135E675C}
	EndGlobalSection
EndGlobal
